Microsoft Visual Studio Solution File, Format Version 12.00
# Visual Studio Version 16
VisualStudioVersion = 16.0.0.0
MinimumVisualStudioVersion = 16.0.0.0
Project("{9A19103F-16F7-4668-BE54-9A1E7A4F7556}") = "GravityCrypto.Server", "Server\GravityCrypto.Server.csproj", "{8DB5AB07-1019-4F3D-A69A-282F38E32986}"
EndProject
Project("{9A19103F-16F7-4668-BE54-9A1E7A4F7556}") = "GravityCrypto.Client", "Client\GravityCrypto.Client.csproj", "{87139ED1-68B7-416C-B7B6-1533F9609BE4}"
EndProject
Project("{9A19103F-16F7-4668-BE54-9A1E7A4F7556}") = "GravityCrypto.Shared", "Shared\GravityCrypto.Shared.csproj", "{5752800A-808C-4E9C-B7B4-93A8E4C27D57}"
EndProject
Global
	GlobalSection(SolutionConfigurationPlatforms) = preSolution
		Debug|Any CPU = Debug|Any CPU
		Debug|x64 = Debug|x64
		Debug|x86 = Debug|x86
		Release|Any CPU = Release|Any CPU
		Release|x64 = Release|x64
		Release|x86 = Release|x86
	EndGlobalSection
	GlobalSection(ProjectConfigurationPlatforms) = postSolution
		{87139ED1-68B7-416C-B7B6-1533F9609BE4}.Debug|Any CPU.ActiveCfg = Debug|Any CPU
		{87139ED1-68B7-416C-B7B6-1533F9609BE4}.Debug|Any CPU.Build.0 = Debug|Any CPU
		{87139ED1-68B7-416C-B7B6-1533F9609BE4}.Debug|x64.ActiveCfg = Debug|Any CPU
		{87139ED1-68B7-416C-B7B6-1533F9609BE4}.Debug|x64.Build.0 = Debug|Any CPU
		{87139ED1-68B7-416C-B7B6-1533F9609BE4}.Debug|x86.ActiveCfg = Debug|Any CPU
		{87139ED1-68B7-416C-B7B6-1533F9609BE4}.Debug|x86.Build.0 = Debug|Any CPU
		{87139ED1-68B7-416C-B7B6-1533F9609BE4}.Release|Any CPU.ActiveCfg = Release|Any CPU
		{87139ED1-68B7-416C-B7B6-1533F9609BE4}.Release|Any CPU.Build.0 = Release|Any CPU
		{87139ED1-68B7-416C-B7B6-1533F9609BE4}.Release|x64.ActiveCfg = Release|Any CPU
		{87139ED1-68B7-416C-B7B6-1533F9609BE4}.Release|x64.Build.0 = Release|Any CPU
		{87139ED1-68B7-416C-B7B6-1533F9609BE4}.Release|x86.ActiveCfg = Release|Any CPU
		{87139ED1-68B7-416C-B7B6-1533F9609BE4}.Release|x86.Build.0 = Release|Any CPU
		{8DB5AB07-1019-4F3D-A69A-282F38E32986}.Debug|Any CPU.ActiveCfg = Debug|Any CPU
		{8DB5AB07-1019-4F3D-A69A-282F38E32986}.Debug|Any CPU.Build.0 = Debug|Any CPU
		{8DB5AB07-1019-4F3D-A69A-282F38E32986}.Debug|x64.ActiveCfg = Debug|Any CPU
		{8DB5AB07-1019-4F3D-A69A-282F38E32986}.Debug|x64.Build.0 = Debug|Any CPU
		{8DB5AB07-1019-4F3D-A69A-282F38E32986}.Debug|x86.ActiveCfg = Debug|Any CPU
		{8DB5AB07-1019-4F3D-A69A-282F38E32986}.Debug|x86.Build.0 = Debug|Any CPU
		{8DB5AB07-1019-4F3D-A69A-282F38E32986}.Release|Any CPU.ActiveCfg = Release|Any CPU
		{8DB5AB07-1019-4F3D-A69A-282F38E32986}.Release|Any CPU.Build.0 = Release|Any CPU
		{8DB5AB07-1019-4F3D-A69A-282F38E32986}.Release|x64.ActiveCfg = Release|Any CPU
		{8DB5AB07-1019-4F3D-A69A-282F38E32986}.Release|x64.Build.0 = Release|Any CPU
		{8DB5AB07-1019-4F3D-A69A-282F38E32986}.Release|x86.ActiveCfg = Release|Any CPU
		{8DB5AB07-1019-4F3D-A69A-282F38E32986}.Release|x86.Build.0 = Release|Any CPU
		{5752800A-808C-4E9C-B7B4-93A8E4C27D57}.Debug|Any CPU.ActiveCfg = Debug|Any CPU
		{5752800A-808C-4E9C-B7B4-93A8E4C27D57}.Debug|Any CPU.Build.0 = Debug|Any CPU
		{5752800A-808C-4E9C-B7B4-93A8E4C27D57}.Debug|x64.ActiveCfg = Debug|Any CPU
		{5752800A-808C-4E9C-B7B4-93A8E4C27D57}.Debug|x64.Build.0 = Debug|Any CPU
		{5752800A-808C-4E9C-B7B4-93A8E4C27D57}.Debug|x86.ActiveCfg = Debug|Any CPU
		{5752800A-808C-4E9C-B7B4-93A8E4C27D57}.Debug|x86.Build.0 = Debug|Any CPU
		{5752800A-808C-4E9C-B7B4-93A8E4C27D57}.Release|Any CPU.ActiveCfg = Release|Any CPU
		{5752800A-808C-4E9C-B7B4-93A8E4C27D57}.Release|Any CPU.Build.0 = Release|Any CPU
		{5752800A-808C-4E9C-B7B4-93A8E4C27D57}.Release|x64.ActiveCfg = Release|Any CPU
		{5752800A-808C-4E9C-B7B4-93A8E4C27D57}.Release|x64.Build.0 = Release|Any CPU
		{5752800A-808C-4E9C-B7B4-93A8E4C27D57}.Release|x86.ActiveCfg = Release|Any CPU
		{5752800A-808C-4E9C-B7B4-93A8E4C27D57}.Release|x86.Build.0 = Release|Any CPU
	EndGlobalSection
	GlobalSection(SolutionProperties) = preSolution
		HideSolutionNode = FALSE
	EndGlobalSection
	GlobalSection(ExtensibilityGlobals) = postSolution
		SolutionGuid = {383F76B9-E6B4-43AD-80F8-CD2E493686D2}
	EndGlobalSection
EndGlobal